
Microsoft Visual Studio Solution File, Format Version 12.00
# Visual Studio Version 16
VisualStudioVersion = 16.0.31410.357
MinimumVisualStudioVersion = 10.0.40219.1
Project("{FAE04EC0-301F-11D3-BF4B-00C04F79EFBC}") = "WebApi", "WebApi\WebApi.csproj", "{593836AE-CEB0-4470-B5B9-C9C87E0B5165}"
EndProject
Project("{FAE04EC0-301F-11D3-BF4B-00C04F79EFBC}") = "WebVue", "WebVue\WebVue.csproj", "{3C868B4B-994D-4B5F-B452-5F08602F8A7C}"
EndProject
Global
	GlobalSection(SolutionConfigurationPlatforms) = preSolution
		Debug|Any CPU = Debug|Any CPU
		Release|Any CPU = Release|Any CPU
	EndGlobalSection
	GlobalSection(ProjectConfigurationPlatforms) = postSolution
		{593836AE-CEB0-4470-B5B9-C9C87E0B5165}.Debug|Any CPU.ActiveCfg = Debug|Any CPU
		{593836AE-CEB0-4470-B5B9-C9C87E0B5165}.Debug|Any CPU.Build.0 = Debug|Any CPU
		{593836AE-CEB0-4470-B5B9-C9C87E0B5165}.Release|Any CPU.ActiveCfg = Release|Any CPU
		{593836AE-CEB0-4470-B5B9-C9C87E0B5165}.Release|Any CPU.Build.0 = Release|Any CPU
		{3C868B4B-994D-4B5F-B452-5F08602F8A7C}.Debug|Any CPU.ActiveCfg = Debug|Any CPU
		{3C868B4B-994D-4B5F-B452-5F08602F8A7C}.Debug|Any CPU.Build.0 = Debug|Any CPU
		{3C868B4B-994D-4B5F-B452-5F08602F8A7C}.Release|Any CPU.ActiveCfg = Release|Any CPU
		{3C868B4B-994D-4B5F-B452-5F08602F8A7C}.Release|Any CPU.Build.0 = Release|Any CPU
	EndGlobalSection
	GlobalSection(SolutionProperties) = preSolution
		HideSolutionNode = FALSE
	EndGlobalSection
	GlobalSection(ExtensibilityGlobals) = postSolution
		SolutionGuid = {2D1EBB46-964B-40B3-8BD4-A93CAA8E41D6}
	EndGlobalSection
EndGlobal
